
Microsoft Visual Studio Solution File, Format Version 12.00
# Visual Studio Version 17
VisualStudioVersion = 17.8.34511.84
MinimumVisualStudioVersion = 10.0.40219.1
Project("{FAE04EC0-301F-11D3-BF4B-00C04F79EFBC}") = "ATV4_CJ3021904", "ATV4_CJ3021904\ATV4_CJ3021904.csproj", "{6FD19E1B-9923-4F1D-80BA-D410BE555800}"
EndProject
Global
	GlobalSection(SolutionConfigurationPlatforms) = preSolution
		Debug|Any CPU = Debug|Any CPU
		Release|Any CPU = Release|Any CPU
	EndGlobalSection
	GlobalSection(ProjectConfigurationPlatforms) = postSolution
		{6FD19E1B-9923-4F1D-80BA-D410BE555800}.Debug|Any CPU.ActiveCfg = Debug|Any CPU
		{6FD19E1B-9923-4F1D-80BA-D410BE555800}.Debug|Any CPU.Build.0 = Debug|Any CPU
		{6FD19E1B-9923-4F1D-80BA-D410BE555800}.Release|Any CPU.ActiveCfg = Release|Any CPU
		{6FD19E1B-9923-4F1D-80BA-D410BE555800}.Release|Any CPU.Build.0 = Release|Any CPU
	EndGlobalSection
	GlobalSection(SolutionProperties) = preSolution
		HideSolutionNode = FALSE
	EndGlobalSection
	GlobalSection(ExtensibilityGlobals) = postSolution
		SolutionGuid = {5432707B-B221-4B8C-AD28-3A0A637C4DEB}
	EndGlobalSection
EndGlobal
